
Microsoft Visual Studio Solution File, Format Version 12.00
# Visual Studio 15
VisualStudioVersion = 15.0.26730.12
MinimumVisualStudioVersion = 10.0.40219.1
Project("{FAE04EC0-301F-11D3-BF4B-00C04F79EFBC}") = "Microsoft.Azure.Management.DataBox", "Microsoft.Azure.Management.DataBox\Microsoft.Azure.Management.DataBox.csproj", "{75ACC2B8-21E5-4001-AA5A-2B0DF63D3BF4}"
EndProject
Global
	GlobalSection(SolutionConfigurationPlatforms) = preSolution
		Debug|Any CPU = Debug|Any CPU
		Release|Any CPU = Release|Any CPU
	EndGlobalSection
	GlobalSection(ProjectConfigurationPlatforms) = postSolution
		{75ACC2B8-21E5-4001-AA5A-2B0DF63D3BF4}.Debug|Any CPU.ActiveCfg = Debug|Any CPU
		{75ACC2B8-21E5-4001-AA5A-2B0DF63D3BF4}.Debug|Any CPU.Build.0 = Debug|Any CPU
		{75ACC2B8-21E5-4001-AA5A-2B0DF63D3BF4}.Release|Any CPU.ActiveCfg = Release|Any CPU
		{75ACC2B8-21E5-4001-AA5A-2B0DF63D3BF4}.Release|Any CPU.Build.0 = Release|Any CPU
	EndGlobalSection
	GlobalSection(SolutionProperties) = preSolution
		HideSolutionNode = FALSE
	EndGlobalSection
	GlobalSection(ExtensibilityGlobals) = postSolution
		SolutionGuid = {7C37B0EA-EB35-4F43-B730-6D457B49AE6E}
	EndGlobalSection
EndGlobal
